// !$*UTF8*$!
{
	archiveVersion = 1;
	classes = {
	};
	objectVersion = 50;
	objects = {

/* Begin PBXBuildFile section */
		9151E2D823FE619200F25D34 /* AppDelegate.swift in Sources */ = {isa = PBXBuildFile; fileRef = 9151E2D723FE619200F25D34 /* AppDelegate.swift */; };
		9151E2DA23FE619200F25D34 /* SceneDelegate.swift in Sources */ = {isa = PBXBuildFile; fileRef = 9151E2D923FE619200F25D34 /* SceneDelegate.swift */; };
		9151E2DF23FE619200F25D34 /* Main.storyboard in Resources */ = {isa = PBXBuildFile; fileRef = 9151E2DD23FE619200F25D34 /* Main.storyboard */; };
		9151E2E123FE619500F25D34 /* Assets.xcassets in Resources */ = {isa = PBXBuildFile; fileRef = 9151E2E023FE619500F25D34 /* Assets.xcassets */; };
		9151E2E423FE619500F25D34 /* LaunchScreen.storyboard in Resources */ = {isa = PBXBuildFile; fileRef = 9151E2E223FE619500F25D34 /* LaunchScreen.storyboard */; };
		9151E2F723FE649700F25D34 /* WelcomeViewController.swift in Sources */ = {isa = PBXBuildFile; fileRef = 9151E2F623FE649700F25D34 /* WelcomeViewController.swift */; };
/* End PBXBuildFile section */

/* Begin PBXFileReference section */
		9151E2D423FE619200F25D34 /* Message.app */ = {isa = PBXFileReference; explicitFileType = wrapper.application; includeInIndex = 0; path = Message.app; sourceTree = BUILT_PRODUCTS_DIR; };
		9151E2D723FE619200F25D34 /* AppDelegate.swift */ = {isa = PBXFileReference; lastKnownFileType = sourcecode.swift; path = AppDelegate.swift; sourceTree = "<group>"; };
		9151E2D923FE619200F25D34 /* SceneDelegate.swift */ = {isa = PBXFileReference; lastKnownFileType = sourcecode.swift; path = SceneDelegate.swift; sourceTree = "<group>"; };
		9151E2DE23FE619200F25D34 /* Base */ = {isa = PBXFileReference; lastKnownFileType = file.storyboard; name = Base; path = Base.lproj/Main.storyboard; sourceTree = "<group>"; };
		9151E2E023FE619500F25D34 /* Assets.xcassets */ = {isa = PBXFileReference; lastKnownFileType = folder.assetcatalog; path = Assets.xcassets; sourceTree = "<group>"; };
		9151E2E323FE619500F25D34 /* Base */ = {isa = PBXFileReference; lastKnownFileType = file.storyboard; name = Base; path = Base.lproj/LaunchScreen.storyboard; sourceTree = "<group>"; };
		9151E2E523FE619500F25D34 /* Info.plist */ = {isa = PBXFileReference; lastKnownFileType = text.plist.xml; path = Info.plist; sourceTree = "<group>"; };
		9151E2F623FE649700F25D34 /* WelcomeViewController.swift */ = {isa = PBXFileReference; lastKnownFileType = sourcecode.swift; path = WelcomeViewController.swift; sourceTree = "<group>"; };
/* End PBXFileReference section */

/* Begin PBXFrameworksBuildPhase section */
		9151E2D123FE619200F25D34 /* Frameworks */ = {
			isa = PBXFrameworksBuildPhase;
			buildActionMask = 2147483647;
			files = (
			);
			runOnlyForDeploymentPostprocessing = 0;
		};
/* End PBXFrameworksBuildPhase section */

/* Begin PBXGroup section */
		9151E2CB23FE619200F25D34 = {
			isa = PBXGroup;
			children = (
				9151E2D623FE619200F25D34 /* Message */,
				9151E2D523FE619200F25D34 /* Products */,
			);
			sourceTree = "<group>";
		};
		9151E2D523FE619200F25D34 /* Products */ = {
			isa = PBXGroup;
			children = (
				9151E2D423FE619200F25D34 /* Message.app */,
			);
			name = Products;
			sourceTree = "<group>";
		};
		9151E2D623FE619200F25D34 /* Message */ = {
			isa = PBXGroup;
			children = (
				9151E2EB23FE625900F25D34 /* Application */,
				9151E2EC23FE626A00F25D34 /* Support Files */,
				9151E2ED23FE628300F25D34 /* Resources */,
				9151E2F423FE640B00F25D34 /* Model */,
				9151E2F523FE641D00F25D34 /* View */,
				9151E2EF23FE62F000F25D34 /* Scenes */,
			);
			path = Message;
			sourceTree = "<group>";
		};
		9151E2EB23FE625900F25D34 /* Application */ = {
			isa = PBXGroup;
			children = (
				9151E2D723FE619200F25D34 /* AppDelegate.swift */,
				9151E2D923FE619200F25D34 /* SceneDelegate.swift */,
			);
			path = Application;
			sourceTree = "<group>";
		};
		9151E2EC23FE626A00F25D34 /* Support Files */ = {
			isa = PBXGroup;
			children = (
				9151E2E523FE619500F25D34 /* Info.plist */,
			);
			path = "Support Files";
			sourceTree = "<group>";
		};
		9151E2ED23FE628300F25D34 /* Resources */ = {
			isa = PBXGroup;
			children = (
				9151E2EE23FE62BE00F25D34 /* Images */,
			);
			path = Resources;
			sourceTree = "<group>";
		};
		9151E2EE23FE62BE00F25D34 /* Images */ = {
			isa = PBXGroup;
			children = (
				9151E2E023FE619500F25D34 /* Assets.xcassets */,
			);
			path = Images;
			sourceTree = "<group>";
		};
		9151E2EF23FE62F000F25D34 /* Scenes */ = {
			isa = PBXGroup;
			children = (
				9151E2F023FE630200F25D34 /* Launch Screen */,
				9151E2F123FE635800F25D34 /* Welcome */,
				9151E2F223FE637400F25D34 /* Authentication */,
				9151E2F323FE63B400F25D34 /* Chat */,
			);
			path = Scenes;
			sourceTree = "<group>";
		};
		9151E2F023FE630200F25D34 /* Launch Screen */ = {
			isa = PBXGroup;
			children = (
				9151E2E223FE619500F25D34 /* LaunchScreen.storyboard */,
			);
			path = "Launch Screen";
			sourceTree = "<group>";
		};
		9151E2F123FE635800F25D34 /* Welcome */ = {
			isa = PBXGroup;
			children = (
				9151E2F623FE649700F25D34 /* WelcomeViewController.swift */,
			);
			path = Welcome;
			sourceTree = "<group>";
		};
		9151E2F223FE637400F25D34 /* Authentication */ = {
			isa = PBXGroup;
			children = (
			);
			path = Authentication;
			sourceTree = "<group>";
		};
		9151E2F323FE63B400F25D34 /* Chat */ = {
			isa = PBXGroup;
			children = (
			);
			path = Chat;
			sourceTree = "<group>";
		};
		9151E2F423FE640B00F25D34 /* Model */ = {
			isa = PBXGroup;
			children = (
			);
			path = Model;
			sourceTree = "<group>";
		};
		9151E2F523FE641D00F25D34 /* View */ = {
			isa = PBXGroup;
			children = (
				9151E2DD23FE619200F25D34 /* Main.storyboard */,
			);
			path = View;
			sourceTree = "<group>";
		};
/* End PBXGroup section */

/* Begin PBXNativeTarget section */
		9151E2D323FE619200F25D34 /* Message */ = {
			isa = PBXNativeTarget;
			buildConfigurationList = 9151E2E823FE619500F25D34 /* Build configuration list for PBXNativeTarget "Message" */;
			buildPhases = (
				9151E2D023FE619200F25D34 /* Sources */,
				9151E2D123FE619200F25D34 /* Frameworks */,
				9151E2D223FE619200F25D34 /* Resources */,
			);
			buildRules = (
			);
			dependencies = (
			);
			name = Message;
			productName = Message;
			productReference = 9151E2D423FE619200F25D34 /* Message.app */;
			productType = "com.apple.product-type.application";
		};
/* End PBXNativeTarget section */

/* Begin PBXProject section */
		9151E2CC23FE619200F25D34 /* Project object */ = {
			isa = PBXProject;
			attributes = {
				LastSwiftUpdateCheck = 1130;
				LastUpgradeCheck = 1130;
				ORGANIZATIONNAME = claudiocarvalho;
				TargetAttributes = {
					9151E2D323FE619200F25D34 = {
						CreatedOnToolsVersion = 11.3.1;
					};
				};
			};
			buildConfigurationList = 9151E2CF23FE619200F25D34 /* Build configuration list for PBXProject "Message" */;
			compatibilityVersion = "Xcode 9.3";
			developmentRegion = en;
			hasScannedForEncodings = 0;
			knownRegions = (
				en,
				Base,
			);
			mainGroup = 9151E2CB23FE619200F25D34;
			productRefGroup = 9151E2D523FE619200F25D34 /* Products */;
			projectDirPath = "";
			projectRoot = "";
			targets = (
				9151E2D323FE619200F25D34 /* Message */,
			);
		};
/* End PBXProject section */

/* Begin PBXResourcesBuildPhase section */
		9151E2D223FE619200F25D34 /* Resources */ = {
			isa = PBXResourcesBuildPhase;
			buildActionMask = 2147483647;
			files = (
				9151E2E423FE619500F25D34 /* LaunchScreen.storyboard in Resources */,
				9151E2E123FE619500F25D34 /* Assets.xcassets in Resources */,
				9151E2DF23FE619200F25D34 /* Main.storyboard in Resources */,
			);
			runOnlyForDeploymentPostprocessing = 0;
		};
/* End PBXResourcesBuildPhase section */

/* Begin PBXSourcesBuildPhase section */
		9151E2D023FE619200F25D34 /* Sources */ = {
			isa = PBXSourcesBuildPhase;
			buildActionMask = 2147483647;
			files = (
				9151E2F723FE649700F25D34 /* WelcomeViewController.swift in Sources */,
				9151E2D823FE619200F25D34 /* AppDelegate.swift in Sources */,
				9151E2DA23FE619200F25D34 /* SceneDelegate.swift in Sources */,
			);
			runOnlyForDeploymentPostprocessing = 0;
		};
/* End PBXSourcesBuildPhase section */

/* Begin PBXVariantGroup section */
		9151E2DD23FE619200F25D34 /* Main.storyboard */ = {
			isa = PBXVariantGroup;
			children = (
				9151E2DE23FE619200F25D34 /* Base */,
			);
			name = Main.storyboard;
			sourceTree = "<group>";
		};
		9151E2E223FE619500F25D34 /* LaunchScreen.storyboard */ = {
			isa = PBXVariantGroup;
			children = (
				9151E2E323FE619500F25D34 /* Base */,
			);
			name = LaunchScreen.storyboard;
			sourceTree = "<group>";
		};
/* End PBXVariantGroup section */

/* Begin XCBuildConfiguration section */
		9151E2E623FE619500F25D34 /* Debug */ = {
			isa = XCBuildConfiguration;
			buildSettings = {
				ALWAYS_SEARCH_USER_PATHS = NO;
				CLANG_ANALYZER_NONNULL = YES;
				CLANG_ANALYZER_NUMBER_OBJECT_CONVERSION = YES_AGGRESSIVE;
				CLANG_CXX_LANGUAGE_STANDARD = "gnu++14";
				CLANG_CXX_LIBRARY = "libc++";
				CLANG_ENABLE_MODULES = YES;
				CLANG_ENABLE_OBJC_ARC = YES;
				CLANG_ENABLE_OBJC_WEAK = YES;
				CLANG_WARN_BLOCK_CAPTURE_AUTORELEASING = YES;
				CLANG_WARN_BOOL_CONVERSION = YES;
				CLANG_WARN_COMMA = YES;
				CLANG_WARN_CONSTANT_CONVERSION = YES;
				CLANG_WARN_DEPRECATED_OBJC_IMPLEMENTATIONS = YES;
				CLANG_WARN_DIRECT_OBJC_ISA_USAGE = YES_ERROR;
				CLANG_WARN_DOCUMENTATION_COMMENTS = YES;
				CLANG_WARN_EMPTY_BODY = YES;
				CLANG_WARN_ENUM_CONVERSION = YES;
				CLANG_WARN_INFINITE_RECURSION = YES;
				CLANG_WARN_INT_CONVERSION = YES;
				CLANG_WARN_NON_LITERAL_NULL_CONVERSION = YES;
				CLANG_WARN_OBJC_IMPLICIT_RETAIN_SELF = YES;
				CLANG_WARN_OBJC_LITERAL_CONVERSION = YES;
				CLANG_WARN_OBJC_ROOT_CLASS = YES_ERROR;
				CLANG_WARN_RANGE_LOOP_ANALYSIS = YES;
				CLANG_WARN_STRICT_PROTOTYPES = YES;
				CLANG_WARN_SUSPICIOUS_MOVE = YES;
				CLANG_WARN_UNGUARDED_AVAILABILITY = YES_AGGRESSIVE;
				CLANG_WARN_UNREACHABLE_CODE = YES;
				CLANG_WARN__DUPLICATE_METHOD_MATCH = YES;
				COPY_PHASE_STRIP = NO;
				DEBUG_INFORMATION_FORMAT = dwarf;
				ENABLE_STRICT_OBJC_MSGSEND = YES;
				ENABLE_TESTABILITY = YES;
				GCC_C_LANGUAGE_STANDARD = gnu11;
				GCC_DYNAMIC_NO_PIC = NO;
				GCC_NO_COMMON_BLOCKS = YES;
				GCC_OPTIMIZATION_LEVEL = 0;
				GCC_PREPROCESSOR_DEFINITIONS = (
					"DEBUG=1",
					"$(inherited)",
				);
				GCC_WARN_64_TO_32_BIT_CONVERSION = YES;
				GCC_WARN_ABOUT_RETURN_TYPE = YES_ERROR;
				GCC_WARN_UNDECLARED_SELECTOR = YES;
				GCC_WARN_UNINITIALIZED_AUTOS = YES_AGGRESSIVE;
				GCC_WARN_UNUSED_FUNCTION = YES;
				GCC_WARN_UNUSED_VARIABLE = YES;
				IPHONEOS_DEPLOYMENT_TARGET = 13.2;
				MTL_ENABLE_DEBUG_INFO = INCLUDE_SOURCE;
				MTL_FAST_MATH = YES;
				ONLY_ACTIVE_ARCH = YES;
				SDKROOT = iphoneos;
				SWIFT_ACTIVE_COMPILATION_CONDITIONS = DEBUG;
				SWIFT_OPTIMIZATION_LEVEL = "-Onone";
			};
			name = Debug;
		};
		9151E2E723FE619500F25D34 /* Release */ = {
			isa = XCBuildConfiguration;
			buildSettings = {
				ALWAYS_SEARCH_USER_PATHS = NO;
				CLANG_ANALYZER_NONNULL = YES;
				CLANG_ANALYZER_NUMBER_OBJECT_CONVERSION = YES_AGGRESSIVE;
				CLANG_CXX_LANGUAGE_STANDARD = "gnu++14";
				CLANG_CXX_LIBRARY = "libc++";
				CLANG_ENABLE_MODULES = YES;
				CLANG_ENABLE_OBJC_ARC = YES;
				CLANG_ENABLE_OBJC_WEAK = YES;
				CLANG_WARN_BLOCK_CAPTURE_AUTORELEASING = YES;
				CLANG_WARN_BOOL_CONVERSION = YES;
				CLANG_WARN_COMMA = YES;
				CLANG_WARN_CONSTANT_CONVERSION = YES;
				CLANG_WARN_DEPRECATED_OBJC_IMPLEMENTATIONS = YES;
				CLANG_WARN_DIRECT_OBJC_ISA_USAGE = YES_ERROR;
				CLANG_WARN_DOCUMENTATION_COMMENTS = YES;
				CLANG_WARN_EMPTY_BODY = YES;
				CLANG_WARN_ENUM_CONVERSION = YES;
				CLANG_WARN_INFINITE_RECURSION = YES;
				CLANG_WARN_INT_CONVERSION = YES;
				CLANG_WARN_NON_LITERAL_NULL_CONVERSION = YES;
				CLANG_WARN_OBJC_IMPLICIT_RETAIN_SELF = YES;
				CLANG_WARN_OBJC_LITERAL_CONVERSION = YES;
				CLANG_WARN_OBJC_ROOT_CLASS = YES_ERROR;
				CLANG_WARN_RANGE_LOOP_ANALYSIS = YES;
				CLANG_WARN_STRICT_PROTOTYPES = YES;
				CLANG_WARN_SUSPICIOUS_MOVE = YES;
				CLANG_WARN_UNGUARDED_AVAILABILITY = YES_AGGRESSIVE;
				CLANG_WARN_UNREACHABLE_CODE = YES;
				CLANG_WARN__DUPLICATE_METHOD_MATCH = YES;
				COPY_PHASE_STRIP = NO;
				DEBUG_INFORMATION_FORMAT = "dwarf-with-dsym";
				ENABLE_NS_ASSERTIONS = NO;
				ENABLE_STRICT_OBJC_MSGSEND = YES;
				GCC_C_LANGUAGE_STANDARD = gnu11;
				GCC_NO_COMMON_BLOCKS = YES;
				GCC_WARN_64_TO_32_BIT_CONVERSION = YES;
				GCC_WARN_ABOUT_RETURN_TYPE = YES_ERROR;
				GCC_WARN_UNDECLARED_SELECTOR = YES;
				GCC_WARN_UNINITIALIZED_AUTOS = YES_AGGRESSIVE;
				GCC_WARN_UNUSED_FUNCTION = YES;
				GCC_WARN_UNUSED_VARIABLE = YES;
				IPHONEOS_DEPLOYMENT_TARGET = 13.2;
				MTL_ENABLE_DEBUG_INFO = NO;
				MTL_FAST_MATH = YES;
				SDKROOT = iphoneos;
				SWIFT_COMPILATION_MODE = wholemodule;
				SWIFT_OPTIMIZATION_LEVEL = "-O";
				VALIDATE_PRODUCT = YES;
			};
			name = Release;
		};
		9151E2E923FE619500F25D34 /* Debug */ = {
			isa = XCBuildConfiguration;
			buildSettings = {
				ASSETCATALOG_COMPILER_APPICON_NAME = AppIcon;
				CODE_SIGN_STYLE = Automatic;
				INFOPLIST_FILE = "$(SRCROOT)/Message/Support Files/Info.plist";
				LD_RUNPATH_SEARCH_PATHS = (
					"$(inherited)",
					"@executable_path/Frameworks",
				);
				PRODUCT_BUNDLE_IDENTIFIER = dev.claudiocarvalho.Message;
				PRODUCT_NAME = "$(TARGET_NAME)";
				SWIFT_VERSION = 5.0;
				TARGETED_DEVICE_FAMILY = "1,2";
			};
			name = Debug;
		};
		9151E2EA23FE619500F25D34 /* Release */ = {
			isa = XCBuildConfiguration;
			buildSettings = {
				ASSETCATALOG_COMPILER_APPICON_NAME = AppIcon;
				CODE_SIGN_STYLE = Automatic;
				INFOPLIST_FILE = "$(SRCROOT)/Message/Support Files/Info.plist";
				LD_RUNPATH_SEARCH_PATHS = (
					"$(inherited)",
					"@executable_path/Frameworks",
				);
				PRODUCT_BUNDLE_IDENTIFIER = dev.claudiocarvalho.Message;
				PRODUCT_NAME = "$(TARGET_NAME)";
				SWIFT_VERSION = 5.0;
				TARGETED_DEVICE_FAMILY = "1,2";
			};
			name = Release;
		};
/* End XCBuildConfiguration section */

/* Begin XCConfigurationList section */
		9151E2CF23FE619200F25D34 /* Build configuration list for PBXProject "Message" */ = {
			isa = XCConfigurationList;
			buildConfigurations = (
				9151E2E623FE619500F25D34 /* Debug */,
				9151E2E723FE619500F25D34 /* Release */,
			);
			defaultConfigurationIsVisible = 0;
			defaultConfigurationName = Release;
		};
		9151E2E823FE619500F25D34 /* Build configuration list for PBXNativeTarget "Message" */ = {
			isa = XCConfigurationList;
			buildConfigurations = (
				9151E2E923FE619500F25D34 /* Debug */,
				9151E2EA23FE619500F25D34 /* Release */,
			);
			defaultConfigurationIsVisible = 0;
			defaultConfigurationName = Release;
		};
/* End XCConfigurationList section */
	};
	rootObject = 9151E2CC23FE619200F25D34 /* Project object */;
}
